
Microsoft Visual Studio Solution File, Format Version 12.00
# Visual Studio Version 17
VisualStudioVersion = 17.11.35312.102
MinimumVisualStudioVersion = 10.0.40219.1
Project("{FAE04EC0-301F-11D3-BF4B-00C04F79EFBC}") = "lode", "lode.csproj", "{654A8DAE-6246-4310-A0CA-5C0CA343A03E}"
EndProject
Global
	GlobalSection(SolutionConfigurationPlatforms) = preSolution
		Debug|Any CPU = Debug|Any CPU
		Release|Any CPU = Release|Any CPU
	EndGlobalSection
	GlobalSection(ProjectConfigurationPlatforms) = postSolution
		{654A8DAE-6246-4310-A0CA-5C0CA343A03E}.Debug|Any CPU.ActiveCfg = Debug|Any CPU
		{654A8DAE-6246-4310-A0CA-5C0CA343A03E}.Debug|Any CPU.Build.0 = Debug|Any CPU
		{654A8DAE-6246-4310-A0CA-5C0CA343A03E}.Release|Any CPU.ActiveCfg = Release|Any CPU
		{654A8DAE-6246-4310-A0CA-5C0CA343A03E}.Release|Any CPU.Build.0 = Release|Any CPU
	EndGlobalSection
	GlobalSection(SolutionProperties) = preSolution
		HideSolutionNode = FALSE
	EndGlobalSection
	GlobalSection(ExtensibilityGlobals) = postSolution
		SolutionGuid = {E1D0E025-D5E1-4685-ABDC-1D58AD02DEEC}
	EndGlobalSection
EndGlobal
